{
  "name": "ng-ui-frame",
  "version": "0.0.1",
  "lockfileVersion": 2,
  "requires": true,
  "packages": {
    "": {
      "name": "ng-ui-frame",
      "version": "0.0.1",
      "dependencies": {
        "@angular/material": "^13.2.1",
        "material-icons": "^1.10.6",
        "tslib": "^2.3.0"
      },
      "peerDependencies": {
        "@angular/common": "^13.2.0",
        "@angular/core": "^13.2.0"
      }
    },
    "node_modules/@angular/animations": {
      "version": "13.2.1",
      "resolved": "https://registry.npmjs.org/@angular/animations/-/animations-13.2.1.tgz",
      "integrity": "sha512-Wvuu5OU0T5BlavE0IQohuXWiQUHHmrrkhZSxqatsSno2v1au5u/SJGSGo4RojBKsSm627Z/grLjOT6YA21CObA==",
      "peer": true,
      "dependencies": {
        "tslib": "^2.3.0"
      },
      "engines": {
        "node": "^12.20.0 || ^14.15.0 || >=16.10.0"
      },
      "peerDependencies": {
        "@angular/core": "13.2.1"
      }
    },
    "node_modules/@angular/cdk": {
      "version": "13.2.1",
      "resolved": "https://registry.npmjs.org/@angular/cdk/-/cdk-13.2.1.tgz",
      "integrity": "sha512-AjEn4Mk2ow2i8pw0T9F/C/bKFrnUqzlvOGfFkoMgZHp5r3yhDb5DbVRS1/fGScAbY8Pzln49r1maKdrE8DGUbg==",
      "peer": true,
      "dependencies": {
        "tslib": "^2.3.0"
      },
      "optionalDependencies": {
        "parse5": "^5.0.0"
      },
      "peerDependencies": {
        "@angular/common": "^13.0.0 || ^14.0.0-0",
        "@angular/core": "^13.0.0 || ^14.0.0-0",
        "rxjs": "^6.5.3 || ^7.4.0"
      }
    },
    "node_modules/@angular/common": {
      "version": "13.2.1",
      "resolved": "https://registry.npmjs.org/@angular/common/-/common-13.2.1.tgz",
      "integrity": "sha512-LQgN4thG0NGPG+orKg7/2JiYCKjtZ1T2NKFwRt3dHYbNiHdwNCxkwZPqW1BMSpN6la/QB6aLTkuMV52t2S8FmA==",
      "peer": true,
      "dependencies": {
        "tslib": "^2.3.0"
      },
      "engines": {
        "node": "^12.20.0 || ^14.15.0 || >=16.10.0"
      },
      "peerDependencies": {
        "@angular/core": "13.2.1",
        "rxjs": "^6.5.3 || ^7.4.0"
      }
    },
    "node_modules/@angular/core": {
      "version": "13.2.1",
      "resolved": "https://registry.npmjs.org/@angular/core/-/core-13.2.1.tgz",
      "integrity": "sha512-+V/ZUuMqXDXM5Moo9wWbkM9O55POqAyP0oECoYvVStCDLDXGfWGOSysJIbsp07dsoEx8/kmKWV7Q7ZdHMTVvJg==",
      "peer": true,
      "dependencies": {
        "tslib": "^2.3.0"
      },
      "engines": {
        "node": "^12.20.0 || ^14.15.0 || >=16.10.0"
      },
      "peerDependencies": {
        "rxjs": "^6.5.3 || ^7.4.0",
        "zone.js": "~0.11.4"
      }
    },
    "node_modules/@angular/forms": {
      "version": "13.2.1",
      "resolved": "https://registry.npmjs.org/@angular/forms/-/forms-13.2.1.tgz",
      "integrity": "sha512-3bTxNRmamN6+0eNdd+kYk2XDfPxXYeAIvRlm8MFM9/buP/tlcCusAvnkHABUJ9wX/2kezOXMOkWtO9LfyyNLIg==",
      "peer": true,
      "dependencies": {
        "tslib": "^2.3.0"
      },
      "engines": {
        "node": "^12.20.0 || ^14.15.0 || >=16.10.0"
      },
      "peerDependencies": {
        "@angular/common": "13.2.1",
        "@angular/core": "13.2.1",
        "@angular/platform-browser": "13.2.1",
        "rxjs": "^6.5.3 || ^7.4.0"
      }
    },
    "node_modules/@angular/material": {
      "version": "13.2.1",
      "resolved": "https://registry.npmjs.org/@angular/material/-/material-13.2.1.tgz",
      "integrity": "sha512-8pJuDsUqWDJemjog/18qrQf72K/BiptDCEY3PfvBK1Wkya6qUKfHKI/iCsToJL56vZ4N07hQHBe/KmYusZtHrQ==",
      "dependencies": {
        "tslib": "^2.3.0"
      },
      "peerDependencies": {
        "@angular/animations": "^13.0.0 || ^14.0.0-0",
        "@angular/cdk": "13.2.1",
        "@angular/common": "^13.0.0 || ^14.0.0-0",
        "@angular/core": "^13.0.0 || ^14.0.0-0",
        "@angular/forms": "^13.0.0 || ^14.0.0-0",
        "@angular/platform-browser": "^13.0.0 || ^14.0.0-0",
        "rxjs": "^6.5.3 || ^7.4.0"
      }
    },
    "node_modules/@angular/platform-browser": {
      "version": "13.2.1",
      "resolved": "https://registry.npmjs.org/@angular/platform-browser/-/platform-browser-13.2.1.tgz",
      "integrity": "sha512-9idmGsWqLMhslMnG6+GojNO7L2IRM0DOeUlTo/x28zTedg6f7j2wRJ+ZxfTVRhf75Y3NXOjJ0bfKnLkHOzA+Aw==",
      "peer": true,
      "dependencies": {
        "tslib": "^2.3.0"
      },
      "engines": {
        "node": "^12.20.0 || ^14.15.0 || >=16.10.0"
      },
      "peerDependencies": {
        "@angular/animations": "13.2.1",
        "@angular/common": "13.2.1",
        "@angular/core": "13.2.1"
      },
      "peerDependenciesMeta": {
        "@angular/animations": {
          "optional": true
        }
      }
    },
    "node_modules/material-icons": {
      "version": "1.10.6",
      "resolved": "https://registry.npmjs.org/material-icons/-/material-icons-1.10.6.tgz",
      "integrity": "sha512-mVsXw91OON3J3uIVh9taIF1ZyDbcikRNCWv3KzsaJAGZTJbq0w1wdC8weCmyD3JDfAkxqK4WgVJITWPmVKJeDA=="
    },
    "node_modules/parse5": {
      "version": "5.1.1",
      "resolved": "https://registry.npmjs.org/parse5/-/parse5-5.1.1.tgz",
      "integrity": "sha512-ugq4DFI0Ptb+WWjAdOK16+u/nHfiIrcE+sh8kZMaM0WllQKLI9rOUq6c2b7cwPkXdzfQESqvoqK6ug7U/Yyzug==",
      "optional": true,
      "peer": true
    },
    "node_modules/rxjs": {
      "version": "7.5.2",
      "resolved": "https://registry.npmjs.org/rxjs/-/rxjs-7.5.2.tgz",
      "integrity": "sha512-PwDt186XaL3QN5qXj/H9DGyHhP3/RYYgZZwqBv9Tv8rsAaiwFH1IsJJlcgD37J7UW5a6O67qX0KWKS3/pu0m4w==",
      "peer": true,
      "dependencies": {
        "tslib": "^2.1.0"
      }
    },
    "node_modules/tslib": {
      "version": "2.3.1",
      "resolved": "https://registry.npmjs.org/tslib/-/tslib-2.3.1.tgz",
      "integrity": "sha512-77EbyPPpMz+FRFRuAFlWMtmgUWGe9UOG2Z25NqCwiIjRhOf5iKGuzSe5P2w1laq+FkRy4p+PCuVkJSGkzTEKVw=="
    },
    "node_modules/zone.js": {
      "version": "0.11.4",
      "resolved": "https://registry.npmjs.org/zone.js/-/zone.js-0.11.4.tgz",
      "integrity": "sha512-DDh2Ab+A/B+9mJyajPjHFPWfYU1H+pdun4wnnk0OcQTNjem1XQSZ2CDW+rfZEUDjv5M19SBqAkjZi0x5wuB5Qw==",
      "peer": true,
      "dependencies": {
        "tslib": "^2.0.0"
      }
    }
  },
  "dependencies": {
    "@angular/animations": {
      "version": "13.2.1",
      "resolved": "https://registry.npmjs.org/@angular/animations/-/animations-13.2.1.tgz",
      "integrity": "sha512-Wvuu5OU0T5BlavE0IQohuXWiQUHHmrrkhZSxqatsSno2v1au5u/SJGSGo4RojBKsSm627Z/grLjOT6YA21CObA==",
      "peer": true,
      "requires": {
        "tslib": "^2.3.0"
      }
    },
    "@angular/cdk": {
      "version": "13.2.1",
      "resolved": "https://registry.npmjs.org/@angular/cdk/-/cdk-13.2.1.tgz",
      "integrity": "sha512-AjEn4Mk2ow2i8pw0T9F/C/bKFrnUqzlvOGfFkoMgZHp5r3yhDb5DbVRS1/fGScAbY8Pzln49r1maKdrE8DGUbg==",
      "peer": true,
      "requires": {
        "parse5": "^5.0.0",
        "tslib": "^2.3.0"
      }
    },
    "@angular/common": {
      "version": "13.2.1",
      "resolved": "https://registry.npmjs.org/@angular/common/-/common-13.2.1.tgz",
      "integrity": "sha512-LQgN4thG0NGPG+orKg7/2JiYCKjtZ1T2NKFwRt3dHYbNiHdwNCxkwZPqW1BMSpN6la/QB6aLTkuMV52t2S8FmA==",
      "peer": true,
      "requires": {
        "tslib": "^2.3.0"
      }
    },
    "@angular/core": {
      "version": "13.2.1",
      "resolved": "https://registry.npmjs.org/@angular/core/-/core-13.2.1.tgz",
      "integrity": "sha512-+V/ZUuMqXDXM5Moo9wWbkM9O55POqAyP0oECoYvVStCDLDXGfWGOSysJIbsp07dsoEx8/kmKWV7Q7ZdHMTVvJg==",
      "peer": true,
      "requires": {
        "tslib": "^2.3.0"
      }
    },
    "@angular/forms": {
      "version": "13.2.1",
      "resolved": "https://registry.npmjs.org/@angular/forms/-/forms-13.2.1.tgz",
      "integrity": "sha512-3bTxNRmamN6+0eNdd+kYk2XDfPxXYeAIvRlm8MFM9/buP/tlcCusAvnkHABUJ9wX/2kezOXMOkWtO9LfyyNLIg==",
      "peer": true,
      "requires": {
        "tslib": "^2.3.0"
      }
    },
    "@angular/material": {
      "version": "13.2.1",
      "resolved": "https://registry.npmjs.org/@angular/material/-/material-13.2.1.tgz",
      "integrity": "sha512-8pJuDsUqWDJemjog/18qrQf72K/BiptDCEY3PfvBK1Wkya6qUKfHKI/iCsToJL56vZ4N07hQHBe/KmYusZtHrQ==",
      "requires": {
        "tslib": "^2.3.0"
      }
    },
    "@angular/platform-browser": {
      "version": "13.2.1",
      "resolved": "https://registry.npmjs.org/@angular/platform-browser/-/platform-browser-13.2.1.tgz",
      "integrity": "sha512-9idmGsWqLMhslMnG6+GojNO7L2IRM0DOeUlTo/x28zTedg6f7j2wRJ+ZxfTVRhf75Y3NXOjJ0bfKnLkHOzA+Aw==",
      "peer": true,
      "requires": {
        "tslib": "^2.3.0"
      }
    },
    "material-icons": {
      "version": "1.10.6",
      "resolved": "https://registry.npmjs.org/material-icons/-/material-icons-1.10.6.tgz",
      "integrity": "sha512-mVsXw91OON3J3uIVh9taIF1ZyDbcikRNCWv3KzsaJAGZTJbq0w1wdC8weCmyD3JDfAkxqK4WgVJITWPmVKJeDA=="
    },
    "parse5": {
      "version": "5.1.1",
      "resolved": "https://registry.npmjs.org/parse5/-/parse5-5.1.1.tgz",
      "integrity": "sha512-ugq4DFI0Ptb+WWjAdOK16+u/nHfiIrcE+sh8kZMaM0WllQKLI9rOUq6c2b7cwPkXdzfQESqvoqK6ug7U/Yyzug==",
      "optional": true,
      "peer": true
    },
    "rxjs": {
      "version": "7.5.2",
      "resolved": "https://registry.npmjs.org/rxjs/-/rxjs-7.5.2.tgz",
      "integrity": "sha512-PwDt186XaL3QN5qXj/H9DGyHhP3/RYYgZZwqBv9Tv8rsAaiwFH1IsJJlcgD37J7UW5a6O67qX0KWKS3/pu0m4w==",
      "peer": true,
      "requires": {
        "tslib": "^2.1.0"
      }
    },
    "tslib": {
      "version": "2.3.1",
      "resolved": "https://registry.npmjs.org/tslib/-/tslib-2.3.1.tgz",
      "integrity": "sha512-77EbyPPpMz+FRFRuAFlWMtmgUWGe9UOG2Z25NqCwiIjRhOf5iKGuzSe5P2w1laq+FkRy4p+PCuVkJSGkzTEKVw=="
    },
    "zone.js": {
      "version": "0.11.4",
      "resolved": "https://registry.npmjs.org/zone.js/-/zone.js-0.11.4.tgz",
      "integrity": "sha512-DDh2Ab+A/B+9mJyajPjHFPWfYU1H+pdun4wnnk0OcQTNjem1XQSZ2CDW+rfZEUDjv5M19SBqAkjZi0x5wuB5Qw==",
      "peer": true,
      "requires": {
        "tslib": "^2.0.0"
      }
    }
  }
}
